
Microsoft Visual Studio Solution File, Format Version 12.00
# Visual Studio Version 17
VisualStudioVersion = 17.2.32630.192
MinimumVisualStudioVersion = 10.0.40219.1
Project("{FAE04EC0-301F-11D3-BF4B-00C04F79EFBC}") = "TradingEngineServer", "TradingEngineServer.csproj", "{4AE5D0C0-B188-4E57-AEB3-0E9F54A5D26F}"
EndProject
Global
	GlobalSection(SolutionConfigurationPlatforms) = preSolution
		Debug|Any CPU = Debug|Any CPU
		Release|Any CPU = Release|Any CPU
	EndGlobalSection
	GlobalSection(ProjectConfigurationPlatforms) = postSolution
		{4AE5D0C0-B188-4E57-AEB3-0E9F54A5D26F}.Debug|Any CPU.ActiveCfg = Debug|Any CPU
		{4AE5D0C0-B188-4E57-AEB3-0E9F54A5D26F}.Debug|Any CPU.Build.0 = Debug|Any CPU
		{4AE5D0C0-B188-4E57-AEB3-0E9F54A5D26F}.Release|Any CPU.ActiveCfg = Release|Any CPU
		{4AE5D0C0-B188-4E57-AEB3-0E9F54A5D26F}.Release|Any CPU.Build.0 = Release|Any CPU
	EndGlobalSection
	GlobalSection(SolutionProperties) = preSolution
		HideSolutionNode = FALSE
	EndGlobalSection
	GlobalSection(ExtensibilityGlobals) = postSolution
		SolutionGuid = {251C5801-1601-4E5D-9948-F359852E337D}
	EndGlobalSection
EndGlobal
